// !$*UTF8*$!
{
	archiveVersion = 1;
	classes = {
	};
	objectVersion = 50;
	objects = {

/* Begin PBXBuildFile section */
		B506EE522151CBFF00172CDE /* AppDelegate.swift in Sources */ = {isa = PBXBuildFile; fileRef = B506EE512151CBFF00172CDE /* AppDelegate.swift */; };
		B506EE542151CBFF00172CDE /* RecordSoundsViewController.swift in Sources */ = {isa = PBXBuildFile; fileRef = B506EE532151CBFF00172CDE /* RecordSoundsViewController.swift */; };
		B506EE572151CBFF00172CDE /* Main.storyboard in Resources */ = {isa = PBXBuildFile; fileRef = B506EE552151CBFF00172CDE /* Main.storyboard */; };
		B506EE592151CC0100172CDE /* Assets.xcassets in Resources */ = {isa = PBXBuildFile; fileRef = B506EE582151CC0100172CDE /* Assets.xcassets */; };
		B506EE5C2151CC0100172CDE /* LaunchScreen.storyboard in Resources */ = {isa = PBXBuildFile; fileRef = B506EE5A2151CC0100172CDE /* LaunchScreen.storyboard */; };
		B506EE672151CC0100172CDE /* PitchPerfectTests.swift in Sources */ = {isa = PBXBuildFile; fileRef = B506EE662151CC0100172CDE /* PitchPerfectTests.swift */; };
		B506EE722151CC0100172CDE /* PitchPerfectUITests.swift in Sources */ = {isa = PBXBuildFile; fileRef = B506EE712151CC0100172CDE /* PitchPerfectUITests.swift */; };
		B570561D215E87FC00E0F1FA /* PlaySoundsViewController.swift in Sources */ = {isa = PBXBuildFile; fileRef = B570561C215E87FC00E0F1FA /* PlaySoundsViewController.swift */; };
		B598584A216A92E800328847 /* PlaySoundsViewController+Audio.swift in Sources */ = {isa = PBXBuildFile; fileRef = B5985849216A92E800328847 /* PlaySoundsViewController+Audio.swift */; };
		B598584C216ABB1200328847 /* Utils.swift in Sources */ = {isa = PBXBuildFile; fileRef = B598584B216ABB1200328847 /* Utils.swift */; };
/* End PBXBuildFile section */

/* Begin PBXContainerItemProxy section */
		B506EE632151CC0100172CDE /* PBXContainerItemProxy */ = {
			isa = PBXContainerItemProxy;
			containerPortal = B506EE462151CBFF00172CDE /* Project object */;
			proxyType = 1;
			remoteGlobalIDString = B506EE4D2151CBFF00172CDE;
			remoteInfo = PitchPerfect;
		};
		B506EE6E2151CC0100172CDE /* PBXContainerItemProxy */ = {
			isa = PBXContainerItemProxy;
			containerPortal = B506EE462151CBFF00172CDE /* Project object */;
			proxyType = 1;
			remoteGlobalIDString = B506EE4D2151CBFF00172CDE;
			remoteInfo = PitchPerfect;
		};
/* End PBXContainerItemProxy section */

/* Begin PBXFileReference section */
		B506EE4E2151CBFF00172CDE /* PitchPerfect.app */ = {isa = PBXFileReference; explicitFileType = wrapper.application; includeInIndex = 0; path = PitchPerfect.app; sourceTree = BUILT_PRODUCTS_DIR; };
		B506EE512151CBFF00172CDE /* AppDelegate.swift */ = {isa = PBXFileReference; lastKnownFileType = sourcecode.swift; path = AppDelegate.swift; sourceTree = "<group>"; };
		B506EE532151CBFF00172CDE /* RecordSoundsViewController.swift */ = {isa = PBXFileReference; lastKnownFileType = sourcecode.swift; path = RecordSoundsViewController.swift; sourceTree = "<group>"; };
		B506EE562151CBFF00172CDE /* Base */ = {isa = PBXFileReference; lastKnownFileType = file.storyboard; name = Base; path = Base.lproj/Main.storyboard; sourceTree = "<group>"; };
		B506EE582151CC0100172CDE /* Assets.xcassets */ = {isa = PBXFileReference; lastKnownFileType = folder.assetcatalog; path = Assets.xcassets; sourceTree = "<group>"; };
		B506EE5B2151CC0100172CDE /* Base */ = {isa = PBXFileReference; lastKnownFileType = file.storyboard; name = Base; path = Base.lproj/LaunchScreen.storyboard; sourceTree = "<group>"; };
		B506EE5D2151CC0100172CDE /* Info.plist */ = {isa = PBXFileReference; lastKnownFileType = text.plist.xml; path = Info.plist; sourceTree = "<group>"; };
		B506EE622151CC0100172CDE /* PitchPerfectTests.xctest */ = {isa = PBXFileReference; explicitFileType = wrapper.cfbundle; includeInIndex = 0; path = PitchPerfectTests.xctest; sourceTree = BUILT_PRODUCTS_DIR; };
		B506EE662151CC0100172CDE /* PitchPerfectTests.swift */ = {isa = PBXFileReference; lastKnownFileType = sourcecode.swift; path = PitchPerfectTests.swift; sourceTree = "<group>"; };
		B506EE682151CC0100172CDE /* Info.plist */ = {isa = PBXFileReference; lastKnownFileType = text.plist.xml; path = Info.plist; sourceTree = "<group>"; };
		B506EE6D2151CC0100172CDE /* PitchPerfectUITests.xctest */ = {isa = PBXFileReference; explicitFileType = wrapper.cfbundle; includeInIndex = 0; path = PitchPerfectUITests.xctest; sourceTree = BUILT_PRODUCTS_DIR; };
		B506EE712151CC0100172CDE /* PitchPerfectUITests.swift */ = {isa = PBXFileReference; lastKnownFileType = sourcecode.swift; path = PitchPerfectUITests.swift; sourceTree = "<group>"; };
		B506EE732151CC0100172CDE /* Info.plist */ = {isa = PBXFileReference; lastKnownFileType = text.plist.xml; path = Info.plist; sourceTree = "<group>"; };
		B570561C215E87FC00E0F1FA /* PlaySoundsViewController.swift */ = {isa = PBXFileReference; lastKnownFileType = sourcecode.swift; path = PlaySoundsViewController.swift; sourceTree = "<group>"; };
		B5985849216A92E800328847 /* PlaySoundsViewController+Audio.swift */ = {isa = PBXFileReference; lastKnownFileType = sourcecode.swift; path = "PlaySoundsViewController+Audio.swift"; sourceTree = "<group>"; };
		B598584B216ABB1200328847 /* Utils.swift */ = {isa = PBXFileReference; lastKnownFileType = sourcecode.swift; path = Utils.swift; sourceTree = "<group>"; };
/* End PBXFileReference section */

/* Begin PBXFrameworksBuildPhase section */
		B506EE4B2151CBFF00172CDE /* Frameworks */ = {
			isa = PBXFrameworksBuildPhase;
			buildActionMask = 2147483647;
			files = (
			);
			runOnlyForDeploymentPostprocessing = 0;
		};
		B506EE5F2151CC0100172CDE /* Frameworks */ = {
			isa = PBXFrameworksBuildPhase;
			buildActionMask = 2147483647;
			files = (
			);
			runOnlyForDeploymentPostprocessing = 0;
		};
		B506EE6A2151CC0100172CDE /* Frameworks */ = {
			isa = PBXFrameworksBuildPhase;
			buildActionMask = 2147483647;
			files = (
			);
			runOnlyForDeploymentPostprocessing = 0;
		};
/* End PBXFrameworksBuildPhase section */

/* Begin PBXGroup section */
		B506EE452151CBFF00172CDE = {
			isa = PBXGroup;
			children = (
				B506EE502151CBFF00172CDE /* PitchPerfect */,
				B506EE652151CC0100172CDE /* PitchPerfectTests */,
				B506EE702151CC0100172CDE /* PitchPerfectUITests */,
				B506EE4F2151CBFF00172CDE /* Products */,
			);
			sourceTree = "<group>";
		};
		B506EE4F2151CBFF00172CDE /* Products */ = {
			isa = PBXGroup;
			children = (
				B506EE4E2151CBFF00172CDE /* PitchPerfect.app */,
				B506EE622151CC0100172CDE /* PitchPerfectTests.xctest */,
				B506EE6D2151CC0100172CDE /* PitchPerfectUITests.xctest */,
			);
			name = Products;
			sourceTree = "<group>";
		};
		B506EE502151CBFF00172CDE /* PitchPerfect */ = {
			isa = PBXGroup;
			children = (
				B506EE512151CBFF00172CDE /* AppDelegate.swift */,
				B506EE532151CBFF00172CDE /* RecordSoundsViewController.swift */,
				B506EE552151CBFF00172CDE /* Main.storyboard */,
				B506EE582151CC0100172CDE /* Assets.xcassets */,
				B506EE5A2151CC0100172CDE /* LaunchScreen.storyboard */,
				B506EE5D2151CC0100172CDE /* Info.plist */,
				B570561C215E87FC00E0F1FA /* PlaySoundsViewController.swift */,
				B5985849216A92E800328847 /* PlaySoundsViewController+Audio.swift */,
				B598584B216ABB1200328847 /* Utils.swift */,
			);
			path = PitchPerfect;
			sourceTree = "<group>";
		};
		B506EE652151CC0100172CDE /* PitchPerfectTests */ = {
			isa = PBXGroup;
			children = (
				B506EE662151CC0100172CDE /* PitchPerfectTests.swift */,
				B506EE682151CC0100172CDE /* Info.plist */,
			);
			path = PitchPerfectTests;
			sourceTree = "<group>";
		};
		B506EE702151CC0100172CDE /* PitchPerfectUITests */ = {
			isa = PBXGroup;
			children = (
				B506EE712151CC0100172CDE /* PitchPerfectUITests.swift */,
				B506EE732151CC0100172CDE /* Info.plist */,
			);
			path = PitchPerfectUITests;
			sourceTree = "<group>";
		};
/* End PBXGroup section */

/* Begin PBXNativeTarget section */
		B506EE4D2151CBFF00172CDE /* PitchPerfect */ = {
			isa = PBXNativeTarget;
			buildConfigurationList = B506EE762151CC0100172CDE /* Build configuration list for PBXNativeTarget "PitchPerfect" */;
			buildPhases = (
				B506EE4A2151CBFF00172CDE /* Sources */,
				B506EE4B2151CBFF00172CDE /* Frameworks */,
				B506EE4C2151CBFF00172CDE /* Resources */,
			);
			buildRules = (
			);
			dependencies = (
			);
			name = PitchPerfect;
			productName = PitchPerfect;
			productReference = B506EE4E2151CBFF00172CDE /* PitchPerfect.app */;
			productType = "com.apple.product-type.application";
		};
		B506EE612151CC0100172CDE /* PitchPerfectTests */ = {
			isa = PBXNativeTarget;
			buildConfigurationList = B506EE792151CC0100172CDE /* Build configuration list for PBXNativeTarget "PitchPerfectTests" */;
			buildPhases = (
				B506EE5E2151CC0100172CDE /* Sources */,
				B506EE5F2151CC0100172CDE /* Frameworks */,
				B506EE602151CC0100172CDE /* Resources */,
			);
			buildRules = (
			);
			dependencies = (
				B506EE642151CC0100172CDE /* PBXTargetDependency */,
			);
			name = PitchPerfectTests;
			productName = PitchPerfectTests;
			productReference = B506EE622151CC0100172CDE /* PitchPerfectTests.xctest */;
			productType = "com.apple.product-type.bundle.unit-test";
		};
		B506EE6C2151CC0100172CDE /* PitchPerfectUITests */ = {
			isa = PBXNativeTarget;
			buildConfigurationList = B506EE7C2151CC0100172CDE /* Build configuration list for PBXNativeTarget "PitchPerfectUITests" */;
			buildPhases = (
				B506EE692151CC0100172CDE /* Sources */,
				B506EE6A2151CC0100172CDE /* Frameworks */,
				B506EE6B2151CC0100172CDE /* Resources */,
			);
			buildRules = (
			);
			dependencies = (
				B506EE6F2151CC0100172CDE /* PBXTargetDependency */,
			);
			name = PitchPerfectUITests;
			productName = PitchPerfectUITests;
			productReference = B506EE6D2151CC0100172CDE /* PitchPerfectUITests.xctest */;
			productType = "com.apple.product-type.bundle.ui-testing";
		};
/* End PBXNativeTarget section */

/* Begin PBXProject section */
		B506EE462151CBFF00172CDE /* Project object */ = {
			isa = PBXProject;
			attributes = {
				LastSwiftUpdateCheck = 0940;
				LastUpgradeCheck = 0940;
				ORGANIZATIONNAME = "Filipe Botti";
				TargetAttributes = {
					B506EE4D2151CBFF00172CDE = {
						CreatedOnToolsVersion = 9.4.1;
					};
					B506EE612151CC0100172CDE = {
						CreatedOnToolsVersion = 9.4.1;
						TestTargetID = B506EE4D2151CBFF00172CDE;
					};
					B506EE6C2151CC0100172CDE = {
						CreatedOnToolsVersion = 9.4.1;
						TestTargetID = B506EE4D2151CBFF00172CDE;
					};
				};
			};
			buildConfigurationList = B506EE492151CBFF00172CDE /* Build configuration list for PBXProject "PitchPerfect" */;
			compatibilityVersion = "Xcode 9.3";
			developmentRegion = en;
			hasScannedForEncodings = 0;
			knownRegions = (
				en,
				Base,
			);
			mainGroup = B506EE452151CBFF00172CDE;
			productRefGroup = B506EE4F2151CBFF00172CDE /* Products */;
			projectDirPath = "";
			projectRoot = "";
			targets = (
				B506EE4D2151CBFF00172CDE /* PitchPerfect */,
				B506EE612151CC0100172CDE /* PitchPerfectTests */,
				B506EE6C2151CC0100172CDE /* PitchPerfectUITests */,
			);
		};
/* End PBXProject section */

/* Begin PBXResourcesBuildPhase section */
		B506EE4C2151CBFF00172CDE /* Resources */ = {
			isa = PBXResourcesBuildPhase;
			buildActionMask = 2147483647;
			files = (
				B506EE5C2151CC0100172CDE /* LaunchScreen.storyboard in Resources */,
				B506EE592151CC0100172CDE /* Assets.xcassets in Resources */,
				B506EE572151CBFF00172CDE /* Main.storyboard in Resources */,
			);
			runOnlyForDeploymentPostprocessing = 0;
		};
		B506EE602151CC0100172CDE /* Resources */ = {
			isa = PBXResourcesBuildPhase;
			buildActionMask = 2147483647;
			files = (
			);
			runOnlyForDeploymentPostprocessing = 0;
		};
		B506EE6B2151CC0100172CDE /* Resources */ = {
			isa = PBXResourcesBuildPhase;
			buildActionMask = 2147483647;
			files = (
			);
			runOnlyForDeploymentPostprocessing = 0;
		};
/* End PBXResourcesBuildPhase section */

/* Begin PBXSourcesBuildPhase section */
		B506EE4A2151CBFF00172CDE /* Sources */ = {
			isa = PBXSourcesBuildPhase;
			buildActionMask = 2147483647;
			files = (
				B598584C216ABB1200328847 /* Utils.swift in Sources */,
				B506EE542151CBFF00172CDE /* RecordSoundsViewController.swift in Sources */,
				B598584A216A92E800328847 /* PlaySoundsViewController+Audio.swift in Sources */,
				B570561D215E87FC00E0F1FA /* PlaySoundsViewController.swift in Sources */,
				B506EE522151CBFF00172CDE /* AppDelegate.swift in Sources */,
			);
			runOnlyForDeploymentPostprocessing = 0;
		};
		B506EE5E2151CC0100172CDE /* Sources */ = {
			isa = PBXSourcesBuildPhase;
			buildActionMask = 2147483647;
			files = (
				B506EE672151CC0100172CDE /* PitchPerfectTests.swift in Sources */,
			);
			runOnlyForDeploymentPostprocessing = 0;
		};
		B506EE692151CC0100172CDE /* Sources */ = {
			isa = PBXSourcesBuildPhase;
			buildActionMask = 2147483647;
			files = (
				B506EE722151CC0100172CDE /* PitchPerfectUITests.swift in Sources */,
			);
			runOnlyForDeploymentPostprocessing = 0;
		};
/* End PBXSourcesBuildPhase section */

/* Begin PBXTargetDependency section */
		B506EE642151CC0100172CDE /* PBXTargetDependency */ = {
			isa = PBXTargetDependency;
			target = B506EE4D2151CBFF00172CDE /* PitchPerfect */;
			targetProxy = B506EE632151CC0100172CDE /* PBXContainerItemProxy */;
		};
		B506EE6F2151CC0100172CDE /* PBXTargetDependency */ = {
			isa = PBXTargetDependency;
			target = B506EE4D2151CBFF00172CDE /* PitchPerfect */;
			targetProxy = B506EE6E2151CC0100172CDE /* PBXContainerItemProxy */;
		};
/* End PBXTargetDependency section */

/* Begin PBXVariantGroup section */
		B506EE552151CBFF00172CDE /* Main.storyboard */ = {
			isa = PBXVariantGroup;
			children = (
				B506EE562151CBFF00172CDE /* Base */,
			);
			name = Main.storyboard;
			sourceTree = "<group>";
		};
		B506EE5A2151CC0100172CDE /* LaunchScreen.storyboard */ = {
			isa = PBXVariantGroup;
			children = (
				B506EE5B2151CC0100172CDE /* Base */,
			);
			name = LaunchScreen.storyboard;
			sourceTree = "<group>";
		};
/* End PBXVariantGroup section */

/* Begin XCBuildConfiguration section */
		B506EE742151CC0100172CDE /* Debug */ = {
			isa = XCBuildConfiguration;
			buildSettings = {
				ALWAYS_SEARCH_USER_PATHS = NO;
				CLANG_ANALYZER_NONNULL = YES;
				CLANG_ANALYZER_NUMBER_OBJECT_CONVERSION = YES_AGGRESSIVE;
				CLANG_CXX_LANGUAGE_STANDARD = "gnu++14";
				CLANG_CXX_LIBRARY = "libc++";
				CLANG_ENABLE_MODULES = YES;
				CLANG_ENABLE_OBJC_ARC = YES;
				CLANG_ENABLE_OBJC_WEAK = YES;
				CLANG_WARN_BLOCK_CAPTURE_AUTORELEASING = YES;
				CLANG_WARN_BOOL_CONVERSION = YES;
				CLANG_WARN_COMMA = YES;
				CLANG_WARN_CONSTANT_CONVERSION = YES;
				CLANG_WARN_DEPRECATED_OBJC_IMPLEMENTATIONS = YES;
				CLANG_WARN_DIRECT_OBJC_ISA_USAGE = YES_ERROR;
				CLANG_WARN_DOCUMENTATION_COMMENTS = YES;
				CLANG_WARN_EMPTY_BODY = YES;
				CLANG_WARN_ENUM_CONVERSION = YES;
				CLANG_WARN_INFINITE_RECURSION = YES;
				CLANG_WARN_INT_CONVERSION = YES;
				CLANG_WARN_NON_LITERAL_NULL_CONVERSION = YES;
				CLANG_WARN_OBJC_IMPLICIT_RETAIN_SELF = YES;
				CLANG_WARN_OBJC_LITERAL_CONVERSION = YES;
				CLANG_WARN_OBJC_ROOT_CLASS = YES_ERROR;
				CLANG_WARN_RANGE_LOOP_ANALYSIS = YES;
				CLANG_WARN_STRICT_PROTOTYPES = YES;
				CLANG_WARN_SUSPICIOUS_MOVE = YES;
				CLANG_WARN_UNGUARDED_AVAILABILITY = YES_AGGRESSIVE;
				CLANG_WARN_UNREACHABLE_CODE = YES;
				CLANG_WARN__DUPLICATE_METHOD_MATCH = YES;
				CODE_SIGN_IDENTITY = "iPhone Developer";
				COPY_PHASE_STRIP = NO;
				DEBUG_INFORMATION_FORMAT = dwarf;
				ENABLE_STRICT_OBJC_MSGSEND = YES;
				ENABLE_TESTABILITY = YES;
				GCC_C_LANGUAGE_STANDARD = gnu11;
				GCC_DYNAMIC_NO_PIC = NO;
				GCC_NO_COMMON_BLOCKS = YES;
				GCC_OPTIMIZATION_LEVEL = 0;
				GCC_PREPROCESSOR_DEFINITIONS = (
					"DEBUG=1",
					"$(inherited)",
				);
				GCC_WARN_64_TO_32_BIT_CONVERSION = YES;
				GCC_WARN_ABOUT_RETURN_TYPE = YES_ERROR;
				GCC_WARN_UNDECLARED_SELECTOR = YES;
				GCC_WARN_UNINITIALIZED_AUTOS = YES_AGGRESSIVE;
				GCC_WARN_UNUSED_FUNCTION = YES;
				GCC_WARN_UNUSED_VARIABLE = YES;
				IPHONEOS_DEPLOYMENT_TARGET = 11.4;
				MTL_ENABLE_DEBUG_INFO = YES;
				ONLY_ACTIVE_ARCH = YES;
				SDKROOT = iphoneos;
				SWIFT_ACTIVE_COMPILATION_CONDITIONS = DEBUG;
				SWIFT_OPTIMIZATION_LEVEL = "-Onone";
			};
			name = Debug;
		};
		B506EE752151CC0100172CDE /* Release */ = {
			isa = XCBuildConfiguration;
			buildSettings = {
				ALWAYS_SEARCH_USER_PATHS = NO;
				CLANG_ANALYZER_NONNULL = YES;
				CLANG_ANALYZER_NUMBER_OBJECT_CONVERSION = YES_AGGRESSIVE;
				CLANG_CXX_LANGUAGE_STANDARD = "gnu++14";
				CLANG_CXX_LIBRARY = "libc++";
				CLANG_ENABLE_MODULES = YES;
				CLANG_ENABLE_OBJC_ARC = YES;
				CLANG_ENABLE_OBJC_WEAK = YES;
				CLANG_WARN_BLOCK_CAPTURE_AUTORELEASING = YES;
				CLANG_WARN_BOOL_CONVERSION = YES;
				CLANG_WARN_COMMA = YES;
				CLANG_WARN_CONSTANT_CONVERSION = YES;
				CLANG_WARN_DEPRECATED_OBJC_IMPLEMENTATIONS = YES;
				CLANG_WARN_DIRECT_OBJC_ISA_USAGE = YES_ERROR;
				CLANG_WARN_DOCUMENTATION_COMMENTS = YES;
				CLANG_WARN_EMPTY_BODY = YES;
				CLANG_WARN_ENUM_CONVERSION = YES;
				CLANG_WARN_INFINITE_RECURSION = YES;
				CLANG_WARN_INT_CONVERSION = YES;
				CLANG_WARN_NON_LITERAL_NULL_CONVERSION = YES;
				CLANG_WARN_OBJC_IMPLICIT_RETAIN_SELF = YES;
				CLANG_WARN_OBJC_LITERAL_CONVERSION = YES;
				CLANG_WARN_OBJC_ROOT_CLASS = YES_ERROR;
				CLANG_WARN_RANGE_LOOP_ANALYSIS = YES;
				CLANG_WARN_STRICT_PROTOTYPES = YES;
				CLANG_WARN_SUSPICIOUS_MOVE = YES;
				CLANG_WARN_UNGUARDED_AVAILABILITY = YES_AGGRESSIVE;
				CLANG_WARN_UNREACHABLE_CODE = YES;
				CLANG_WARN__DUPLICATE_METHOD_MATCH = YES;
				CODE_SIGN_IDENTITY = "iPhone Developer";
				COPY_PHASE_STRIP = NO;
				DEBUG_INFORMATION_FORMAT = "dwarf-with-dsym";
				ENABLE_NS_ASSERTIONS = NO;
				ENABLE_STRICT_OBJC_MSGSEND = YES;
				GCC_C_LANGUAGE_STANDARD = gnu11;
				GCC_NO_COMMON_BLOCKS = YES;
				GCC_WARN_64_TO_32_BIT_CONVERSION = YES;
				GCC_WARN_ABOUT_RETURN_TYPE = YES_ERROR;
				GCC_WARN_UNDECLARED_SELECTOR = YES;
				GCC_WARN_UNINITIALIZED_AUTOS = YES_AGGRESSIVE;
				GCC_WARN_UNUSED_FUNCTION = YES;
				GCC_WARN_UNUSED_VARIABLE = YES;
				IPHONEOS_DEPLOYMENT_TARGET = 11.4;
				MTL_ENABLE_DEBUG_INFO = NO;
				SDKROOT = iphoneos;
				SWIFT_COMPILATION_MODE = wholemodule;
				SWIFT_OPTIMIZATION_LEVEL = "-O";
				VALIDATE_PRODUCT = YES;
			};
			name = Release;
		};
		B506EE772151CC0100172CDE /* Debug */ = {
			isa = XCBuildConfiguration;
			buildSettings = {
				ASSETCATALOG_COMPILER_APPICON_NAME = AppIcon;
				CODE_SIGN_STYLE = Automatic;
				DEVELOPMENT_TEAM = LL8YZ6N396;
				INFOPLIST_FILE = PitchPerfect/Info.plist;
				LD_RUNPATH_SEARCH_PATHS = (
					"$(inherited)",
					"@executable_path/Frameworks",
				);
				PRODUCT_BUNDLE_IDENTIFIER = com.botti.PitchPerfect;
				PRODUCT_NAME = "$(TARGET_NAME)";
				SWIFT_VERSION = 4.0;
				TARGETED_DEVICE_FAMILY = "1,2";
			};
			name = Debug;
		};
		B506EE782151CC0100172CDE /* Release */ = {
			isa = XCBuildConfiguration;
			buildSettings = {
				ASSETCATALOG_COMPILER_APPICON_NAME = AppIcon;
				CODE_SIGN_STYLE = Automatic;
				DEVELOPMENT_TEAM = LL8YZ6N396;
				INFOPLIST_FILE = PitchPerfect/Info.plist;
				LD_RUNPATH_SEARCH_PATHS = (
					"$(inherited)",
					"@executable_path/Frameworks",
				);
				PRODUCT_BUNDLE_IDENTIFIER = com.botti.PitchPerfect;
				PRODUCT_NAME = "$(TARGET_NAME)";
				SWIFT_VERSION = 4.0;
				TARGETED_DEVICE_FAMILY = "1,2";
			};
			name = Release;
		};
		B506EE7A2151CC0100172CDE /* Debug */ = {
			isa = XCBuildConfiguration;
			buildSettings = {
				ALWAYS_EMBED_SWIFT_STANDARD_LIBRARIES = YES;
				BUNDLE_LOADER = "$(TEST_HOST)";
				CODE_SIGN_STYLE = Automatic;
				DEVELOPMENT_TEAM = LL8YZ6N396;
				INFOPLIST_FILE = PitchPerfectTests/Info.plist;
				LD_RUNPATH_SEARCH_PATHS = (
					"$(inherited)",
					"@executable_path/Frameworks",
					"@loader_path/Frameworks",
				);
				PRODUCT_BUNDLE_IDENTIFIER = com.botti.PitchPerfectTests;
				PRODUCT_NAME = "$(TARGET_NAME)";
				SWIFT_VERSION = 4.0;
				TARGETED_DEVICE_FAMILY = "1,2";
				TEST_HOST = "$(BUILT_PRODUCTS_DIR)/PitchPerfect.app/PitchPerfect";
			};
			name = Debug;
		};
		B506EE7B2151CC0100172CDE /* Release */ = {
			isa = XCBuildConfiguration;
			buildSettings = {
				ALWAYS_EMBED_SWIFT_STANDARD_LIBRARIES = YES;
				BUNDLE_LOADER = "$(TEST_HOST)";
				CODE_SIGN_STYLE = Automatic;
				DEVELOPMENT_TEAM = LL8YZ6N396;
				INFOPLIST_FILE = PitchPerfectTests/Info.plist;
				LD_RUNPATH_SEARCH_PATHS = (
					"$(inherited)",
					"@executable_path/Frameworks",
					"@loader_path/Frameworks",
				);
				PRODUCT_BUNDLE_IDENTIFIER = com.botti.PitchPerfectTests;
				PRODUCT_NAME = "$(TARGET_NAME)";
				SWIFT_VERSION = 4.0;
				TARGETED_DEVICE_FAMILY = "1,2";
				TEST_HOST = "$(BUILT_PRODUCTS_DIR)/PitchPerfect.app/PitchPerfect";
			};
			name = Release;
		};
		B506EE7D2151CC0100172CDE /* Debug */ = {
			isa = XCBuildConfiguration;
			buildSettings = {
				ALWAYS_EMBED_SWIFT_STANDARD_LIBRARIES = YES;
				CODE_SIGN_STYLE = Automatic;
				DEVELOPMENT_TEAM = LL8YZ6N396;
				INFOPLIST_FILE = PitchPerfectUITests/Info.plist;
				LD_RUNPATH_SEARCH_PATHS = (
					"$(inherited)",
					"@executable_path/Frameworks",
					"@loader_path/Frameworks",
				);
				PRODUCT_BUNDLE_IDENTIFIER = com.botti.PitchPerfectUITests;
				PRODUCT_NAME = "$(TARGET_NAME)";
				SWIFT_VERSION = 4.0;
				TARGETED_DEVICE_FAMILY = "1,2";
				TEST_TARGET_NAME = PitchPerfect;
			};
			name = Debug;
		};
		B506EE7E2151CC0100172CDE /* Release */ = {
			isa = XCBuildConfiguration;
			buildSettings = {
				ALWAYS_EMBED_SWIFT_STANDARD_LIBRARIES = YES;
				CODE_SIGN_STYLE = Automatic;
				DEVELOPMENT_TEAM = LL8YZ6N396;
				INFOPLIST_FILE = PitchPerfectUITests/Info.plist;
				LD_RUNPATH_SEARCH_PATHS = (
					"$(inherited)",
					"@executable_path/Frameworks",
					"@loader_path/Frameworks",
				);
				PRODUCT_BUNDLE_IDENTIFIER = com.botti.PitchPerfectUITests;
				PRODUCT_NAME = "$(TARGET_NAME)";
				SWIFT_VERSION = 4.0;
				TARGETED_DEVICE_FAMILY = "1,2";
				TEST_TARGET_NAME = PitchPerfect;
			};
			name = Release;
		};
/* End XCBuildConfiguration section */

/* Begin XCConfigurationList section */
		B506EE492151CBFF00172CDE /* Build configuration list for PBXProject "PitchPerfect" */ = {
			isa = XCConfigurationList;
			buildConfigurations = (
				B506EE742151CC0100172CDE /* Debug */,
				B506EE752151CC0100172CDE /* Release */,
			);
			defaultConfigurationIsVisible = 0;
			defaultConfigurationName = Release;
		};
		B506EE762151CC0100172CDE /* Build configuration list for PBXNativeTarget "PitchPerfect" */ = {
			isa = XCConfigurationList;
			buildConfigurations = (
				B506EE772151CC0100172CDE /* Debug */,
				B506EE782151CC0100172CDE /* Release */,
			);
			defaultConfigurationIsVisible = 0;
			defaultConfigurationName = Release;
		};
		B506EE792151CC0100172CDE /* Build configuration list for PBXNativeTarget "PitchPerfectTests" */ = {
			isa = XCConfigurationList;
			buildConfigurations = (
				B506EE7A2151CC0100172CDE /* Debug */,
				B506EE7B2151CC0100172CDE /* Release */,
			);
			defaultConfigurationIsVisible = 0;
			defaultConfigurationName = Release;
		};
		B506EE7C2151CC0100172CDE /* Build configuration list for PBXNativeTarget "PitchPerfectUITests" */ = {
			isa = XCConfigurationList;
			buildConfigurations = (
				B506EE7D2151CC0100172CDE /* Debug */,
				B506EE7E2151CC0100172CDE /* Release */,
			);
			defaultConfigurationIsVisible = 0;
			defaultConfigurationName = Release;
		};
/* End XCConfigurationList section */
	};
	rootObject = B506EE462151CBFF00172CDE /* Project object */;
}
